
Microsoft Visual Studio Solution File, Format Version 12.00
# Visual Studio Version 16
VisualStudioVersion = 16.0.34031.81
MinimumVisualStudioVersion = 10.0.40219.1
Project("{FAE04EC0-301F-11D3-BF4B-00C04F79EFBC}") = "atvdd_21-09-2023", "atvdd_21-09-2023\atvdd_21-09-2023.csproj", "{B878E7F8-19D4-43A4-B5FC-2AED11EC3730}"
EndProject
Global
	GlobalSection(SolutionConfigurationPlatforms) = preSolution
		Debug|Any CPU = Debug|Any CPU
		Release|Any CPU = Release|Any CPU
	EndGlobalSection
	GlobalSection(ProjectConfigurationPlatforms) = postSolution
		{B878E7F8-19D4-43A4-B5FC-2AED11EC3730}.Debug|Any CPU.ActiveCfg = Debug|Any CPU
		{B878E7F8-19D4-43A4-B5FC-2AED11EC3730}.Debug|Any CPU.Build.0 = Debug|Any CPU
		{B878E7F8-19D4-43A4-B5FC-2AED11EC3730}.Release|Any CPU.ActiveCfg = Release|Any CPU
		{B878E7F8-19D4-43A4-B5FC-2AED11EC3730}.Release|Any CPU.Build.0 = Release|Any CPU
	EndGlobalSection
	GlobalSection(SolutionProperties) = preSolution
		HideSolutionNode = FALSE
	EndGlobalSection
	GlobalSection(ExtensibilityGlobals) = postSolution
		SolutionGuid = {BF53B868-C0F0-4DDD-A2FE-146665B3C456}
	EndGlobalSection
EndGlobal
